
Microsoft Visual Studio Solution File, Format Version 12.00
# Visual Studio Version 17
VisualStudioVersion = 17.10.35027.167
MinimumVisualStudioVersion = 10.0.40219.1
Project("{9A19103F-16F7-4668-BE54-9A1E7A4F7556}") = "Classified.AppHost", "Classified.AppHost\Classified.AppHost.csproj", "{76F639AE-4115-402F-BA15-C86024DE5640}"
EndProject
Project("{2150E333-8FDC-42A3-9474-1A3956D46DE8}") = "services", "services", "{CB1CD3C7-1D43-4DC9-973C-E6A25D1C7AE2}"
EndProject
Project("{2150E333-8FDC-42A3-9474-1A3956D46DE8}") = "AuthService", "AuthService", "{84DD405E-9BEB-4763-A650-98C83CD3A6C9}"
EndProject
Project("{2150E333-8FDC-42A3-9474-1A3956D46DE8}") = "src", "src", "{3748DA74-BF1D-4104-91B8-E7BA56150BDC}"
EndProject
Project("{9A19103F-16F7-4668-BE54-9A1E7A4F7556}") = "AuthService.API", "AuthService.API\AuthService.API.csproj", "{44D3D49C-848C-4F1E-9F18-7BA7CF45D0B9}"
EndProject
Project("{9A19103F-16F7-4668-BE54-9A1E7A4F7556}") = "AuthService.Application", "AuthService.Application\AuthService.Application.csproj", "{833A6FFA-D332-43AD-9C50-7A6E9B7BD166}"
EndProject
Project("{9A19103F-16F7-4668-BE54-9A1E7A4F7556}") = "AuthService.Domain", "AuthService.Domain\AuthService.Domain.csproj", "{DCE00617-9694-4159-986B-3E4E7C0B3B3C}"
EndProject
Project("{9A19103F-16F7-4668-BE54-9A1E7A4F7556}") = "AuthService.Persistance", "AuthService.Persistance\AuthService.Persistance.csproj", "{4BA81426-0DAA-4853-8146-227178454E32}"
EndProject
Project("{2150E333-8FDC-42A3-9474-1A3956D46DE8}") = "UserService", "UserService", "{87BD944F-A54D-4066-859A-5201C86AA4FD}"
EndProject
Project("{2150E333-8FDC-42A3-9474-1A3956D46DE8}") = "src", "src", "{3C437653-0CAD-46C1-BD2E-A0F72DF266CD}"
EndProject
Project("{9A19103F-16F7-4668-BE54-9A1E7A4F7556}") = "UserService.API", "UserService.API\UserService.API.csproj", "{427F3A97-3BD6-451D-8C4E-0D8C8BA327EB}"
EndProject
Project("{9A19103F-16F7-4668-BE54-9A1E7A4F7556}") = "UserService.Application", "UserService.Application\UserService.Application.csproj", "{1BB71AAF-53B0-47D9-B9FD-FF95AE65CAAA}"
EndProject
Project("{9A19103F-16F7-4668-BE54-9A1E7A4F7556}") = "UserService.Domain", "UserService.Domain\UserService.Domain.csproj", "{423AFD83-59CA-4D44-8A1E-4A9441C93E3F}"
EndProject
Project("{9A19103F-16F7-4668-BE54-9A1E7A4F7556}") = "UserService.Persistance", "UserService.Persistance\UserService.Persistance.csproj", "{DC33150C-4DC5-42A6-8529-2B23F0486C20}"
EndProject
Project("{2150E333-8FDC-42A3-9474-1A3956D46DE8}") = "shared", "shared", "{717451A0-D4E6-42D3-9393-08260660DB22}"
EndProject
Project("{2150E333-8FDC-42A3-9474-1A3956D46DE8}") = "infrastructure", "infrastructure", "{09429174-8B18-4939-A0CB-82F8BB7F8FC7}"
	ProjectSection(SolutionItems) = preProject
		.env = .env
		docker-compose.yml = docker-compose.yml
	EndProjectSection
EndProject
Project("{9A19103F-16F7-4668-BE54-9A1E7A4F7556}") = "UserService.Infrastructure", "UserService.Infrastructure\UserService.Infrastructure.csproj", "{A2AB97C4-1291-472F-93D3-B1BD4F3B044C}"
EndProject
Project("{9A19103F-16F7-4668-BE54-9A1E7A4F7556}") = "AuthService.Infrastructure", "AuthService.Infrastructure\AuthService.Infrastructure.csproj", "{8525AF2A-7E2F-4E6A-911B-7DD87B3DFA00}"
EndProject
Project("{2150E333-8FDC-42A3-9474-1A3956D46DE8}") = "tests", "tests", "{F8590F99-6CCB-4BC4-B444-4895DC1A7A32}"
EndProject
Project("{2150E333-8FDC-42A3-9474-1A3956D46DE8}") = "tests", "tests", "{D0E4056F-28EE-4D1B-963A-C0E21C43E43A}"
EndProject
Project("{9A19103F-16F7-4668-BE54-9A1E7A4F7556}") = "Classified.Shared", "Classified.Shared\Classified.Shared.csproj", "{CFC50B6F-E082-43A7-8566-7996EF871873}"
EndProject
Project("{2150E333-8FDC-42A3-9474-1A3956D46DE8}") = "GeoService", "GeoService", "{3638C840-7ABF-44B7-A75E-6B9085D2A881}"
EndProject
Project("{2150E333-8FDC-42A3-9474-1A3956D46DE8}") = "src", "src", "{791D38E4-4820-4875-9AC7-B99BAB4C963C}"
EndProject
Project("{9A19103F-16F7-4668-BE54-9A1E7A4F7556}") = "GeoService.API", "GeoService.API\GeoService.API.csproj", "{9ED535EE-B023-4776-AF0B-30503C9DEAF2}"
EndProject
Project("{9A19103F-16F7-4668-BE54-9A1E7A4F7556}") = "GeoService.Application", "GeoService.Application\GeoService.Application.csproj", "{BF05E9C8-96E1-4423-BE27-48E980249234}"
EndProject
Project("{9A19103F-16F7-4668-BE54-9A1E7A4F7556}") = "GeoService.Domain", "GeoService.Infrastrucuture\GeoService.Domain.csproj", "{5383F481-7A6F-43BC-BF5B-483B2C26F0F8}"
EndProject
Project("{2150E333-8FDC-42A3-9474-1A3956D46DE8}") = "RealEstateService", "RealEstateService", "{21312E45-DE64-4497-833C-FB2C4BFAAC59}"
EndProject
Project("{2150E333-8FDC-42A3-9474-1A3956D46DE8}") = "src", "src", "{AC2E300F-69D4-4524-8335-112B9EE78D5E}"
EndProject
Project("{2150E333-8FDC-42A3-9474-1A3956D46DE8}") = "tests", "tests", "{CF1F504C-F9ED-45C6-8740-0C4B2779219C}"
EndProject
Project("{9A19103F-16F7-4668-BE54-9A1E7A4F7556}") = "RealEstateService.API", "RealEstateService.API\RealEstateService.API.csproj", "{D2BD3E5D-9B16-443C-816D-3A5C2E8F99DE}"
EndProject
Project("{9A19103F-16F7-4668-BE54-9A1E7A4F7556}") = "RealEstateService.Domain", "RealEstateService.Domain\RealEstateService.Domain.csproj", "{48F3E570-5AA2-4BE6-B200-14754910429B}"
EndProject
Project("{9A19103F-16F7-4668-BE54-9A1E7A4F7556}") = "RealEstateService.Application", "RealEstateService.Application\RealEstateService.Application.csproj", "{E0873C8E-AF3E-4176-B573-E3662B394F9A}"
EndProject
Project("{9A19103F-16F7-4668-BE54-9A1E7A4F7556}") = "RealEstateService.Persistence", "RealEstateService.Persistence\RealEstateService.Persistence.csproj", "{EBB15B21-A22D-4FF5-BBA1-AA5DE873618F}"
EndProject
Project("{2150E333-8FDC-42A3-9474-1A3956D46DE8}") = "TranslationService", "TranslationService", "{56EC4DD4-538D-45CE-B654-7B0685CB9CB1}"
EndProject
Project("{2150E333-8FDC-42A3-9474-1A3956D46DE8}") = "src", "src", "{B3BAAEC2-95F5-4F97-93EC-4A90722A12F7}"
EndProject
Project("{2150E333-8FDC-42A3-9474-1A3956D46DE8}") = "tests", "tests", "{90A690AD-2A36-4FF2-896B-BE598158AD30}"
EndProject
Project("{9A19103F-16F7-4668-BE54-9A1E7A4F7556}") = "TranslationService.API", "TranslationService.API\TranslationService.API.csproj", "{02DBF6C7-88FA-40B6-BAFA-18DE2A740B5F}"
EndProject
Project("{9A19103F-16F7-4668-BE54-9A1E7A4F7556}") = "TranslationService.Application", "TranslationService.Application\TranslationService.Application.csproj", "{25A5A883-8373-44A7-85CA-0C860AA82912}"
EndProject
Project("{9A19103F-16F7-4668-BE54-9A1E7A4F7556}") = "TranslationService.Domain", "TranslationService.Domain\TranslationService.Domain.csproj", "{50A980F8-75C9-4B01-BFCC-145DC0555B92}"
EndProject
Project("{9A19103F-16F7-4668-BE54-9A1E7A4F7556}") = "TranslationService.Infrastructure", "TranslationService.Infrastructure\TranslationService.Infrastructure.csproj", "{295D0C13-BE30-4E99-9421-DD4794E94DDC}"
EndProject
Project("{FAE04EC0-301F-11D3-BF4B-00C04F79EFBC}") = "GeoService.Infrastructure", "GeoService.Infrastructure\GeoService.Infrastructure.csproj", "{7C12EB34-E405-41F9-9E82-298A04AAFCBB}"
EndProject
Global
	GlobalSection(SolutionConfigurationPlatforms) = preSolution
		Debug|Any CPU = Debug|Any CPU
		Release|Any CPU = Release|Any CPU
	EndGlobalSection
	GlobalSection(ProjectConfigurationPlatforms) = postSolution
		{76F639AE-4115-402F-BA15-C86024DE5640}.Debug|Any CPU.ActiveCfg = Debug|Any CPU
		{76F639AE-4115-402F-BA15-C86024DE5640}.Debug|Any CPU.Build.0 = Debug|Any CPU
		{76F639AE-4115-402F-BA15-C86024DE5640}.Release|Any CPU.ActiveCfg = Release|Any CPU
		{76F639AE-4115-402F-BA15-C86024DE5640}.Release|Any CPU.Build.0 = Release|Any CPU
		{44D3D49C-848C-4F1E-9F18-7BA7CF45D0B9}.Debug|Any CPU.ActiveCfg = Debug|Any CPU
		{44D3D49C-848C-4F1E-9F18-7BA7CF45D0B9}.Debug|Any CPU.Build.0 = Debug|Any CPU
		{44D3D49C-848C-4F1E-9F18-7BA7CF45D0B9}.Release|Any CPU.ActiveCfg = Release|Any CPU
		{44D3D49C-848C-4F1E-9F18-7BA7CF45D0B9}.Release|Any CPU.Build.0 = Release|Any CPU
		{833A6FFA-D332-43AD-9C50-7A6E9B7BD166}.Debug|Any CPU.ActiveCfg = Debug|Any CPU
		{833A6FFA-D332-43AD-9C50-7A6E9B7BD166}.Debug|Any CPU.Build.0 = Debug|Any CPU
		{833A6FFA-D332-43AD-9C50-7A6E9B7BD166}.Release|Any CPU.ActiveCfg = Release|Any CPU
		{833A6FFA-D332-43AD-9C50-7A6E9B7BD166}.Release|Any CPU.Build.0 = Release|Any CPU
		{DCE00617-9694-4159-986B-3E4E7C0B3B3C}.Debug|Any CPU.ActiveCfg = Debug|Any CPU
		{DCE00617-9694-4159-986B-3E4E7C0B3B3C}.Debug|Any CPU.Build.0 = Debug|Any CPU
		{DCE00617-9694-4159-986B-3E4E7C0B3B3C}.Release|Any CPU.ActiveCfg = Release|Any CPU
		{DCE00617-9694-4159-986B-3E4E7C0B3B3C}.Release|Any CPU.Build.0 = Release|Any CPU
		{4BA81426-0DAA-4853-8146-227178454E32}.Debug|Any CPU.ActiveCfg = Debug|Any CPU
		{4BA81426-0DAA-4853-8146-227178454E32}.Debug|Any CPU.Build.0 = Debug|Any CPU
		{4BA81426-0DAA-4853-8146-227178454E32}.Release|Any CPU.ActiveCfg = Release|Any CPU
		{4BA81426-0DAA-4853-8146-227178454E32}.Release|Any CPU.Build.0 = Release|Any CPU
		{427F3A97-3BD6-451D-8C4E-0D8C8BA327EB}.Debug|Any CPU.ActiveCfg = Debug|Any CPU
		{427F3A97-3BD6-451D-8C4E-0D8C8BA327EB}.Debug|Any CPU.Build.0 = Debug|Any CPU
		{427F3A97-3BD6-451D-8C4E-0D8C8BA327EB}.Release|Any CPU.ActiveCfg = Release|Any CPU
		{427F3A97-3BD6-451D-8C4E-0D8C8BA327EB}.Release|Any CPU.Build.0 = Release|Any CPU
		{1BB71AAF-53B0-47D9-B9FD-FF95AE65CAAA}.Debug|Any CPU.ActiveCfg = Debug|Any CPU
		{1BB71AAF-53B0-47D9-B9FD-FF95AE65CAAA}.Debug|Any CPU.Build.0 = Debug|Any CPU
		{1BB71AAF-53B0-47D9-B9FD-FF95AE65CAAA}.Release|Any CPU.ActiveCfg = Release|Any CPU
		{1BB71AAF-53B0-47D9-B9FD-FF95AE65CAAA}.Release|Any CPU.Build.0 = Release|Any CPU
		{423AFD83-59CA-4D44-8A1E-4A9441C93E3F}.Debug|Any CPU.ActiveCfg = Debug|Any CPU
		{423AFD83-59CA-4D44-8A1E-4A9441C93E3F}.Debug|Any CPU.Build.0 = Debug|Any CPU
		{423AFD83-59CA-4D44-8A1E-4A9441C93E3F}.Release|Any CPU.ActiveCfg = Release|Any CPU
		{423AFD83-59CA-4D44-8A1E-4A9441C93E3F}.Release|Any CPU.Build.0 = Release|Any CPU
		{DC33150C-4DC5-42A6-8529-2B23F0486C20}.Debug|Any CPU.ActiveCfg = Debug|Any CPU
		{DC33150C-4DC5-42A6-8529-2B23F0486C20}.Debug|Any CPU.Build.0 = Debug|Any CPU
		{DC33150C-4DC5-42A6-8529-2B23F0486C20}.Release|Any CPU.ActiveCfg = Release|Any CPU
		{DC33150C-4DC5-42A6-8529-2B23F0486C20}.Release|Any CPU.Build.0 = Release|Any CPU
		{A2AB97C4-1291-472F-93D3-B1BD4F3B044C}.Debug|Any CPU.ActiveCfg = Debug|Any CPU
		{A2AB97C4-1291-472F-93D3-B1BD4F3B044C}.Debug|Any CPU.Build.0 = Debug|Any CPU
		{A2AB97C4-1291-472F-93D3-B1BD4F3B044C}.Release|Any CPU.ActiveCfg = Release|Any CPU
		{A2AB97C4-1291-472F-93D3-B1BD4F3B044C}.Release|Any CPU.Build.0 = Release|Any CPU
		{8525AF2A-7E2F-4E6A-911B-7DD87B3DFA00}.Debug|Any CPU.ActiveCfg = Debug|Any CPU
		{8525AF2A-7E2F-4E6A-911B-7DD87B3DFA00}.Debug|Any CPU.Build.0 = Debug|Any CPU
		{8525AF2A-7E2F-4E6A-911B-7DD87B3DFA00}.Release|Any CPU.ActiveCfg = Release|Any CPU
		{8525AF2A-7E2F-4E6A-911B-7DD87B3DFA00}.Release|Any CPU.Build.0 = Release|Any CPU
		{CFC50B6F-E082-43A7-8566-7996EF871873}.Debug|Any CPU.ActiveCfg = Debug|Any CPU
		{CFC50B6F-E082-43A7-8566-7996EF871873}.Debug|Any CPU.Build.0 = Debug|Any CPU
		{CFC50B6F-E082-43A7-8566-7996EF871873}.Release|Any CPU.ActiveCfg = Release|Any CPU
		{CFC50B6F-E082-43A7-8566-7996EF871873}.Release|Any CPU.Build.0 = Release|Any CPU
		{9ED535EE-B023-4776-AF0B-30503C9DEAF2}.Debug|Any CPU.ActiveCfg = Debug|Any CPU
		{9ED535EE-B023-4776-AF0B-30503C9DEAF2}.Debug|Any CPU.Build.0 = Debug|Any CPU
		{9ED535EE-B023-4776-AF0B-30503C9DEAF2}.Release|Any CPU.ActiveCfg = Release|Any CPU
		{9ED535EE-B023-4776-AF0B-30503C9DEAF2}.Release|Any CPU.Build.0 = Release|Any CPU
		{BF05E9C8-96E1-4423-BE27-48E980249234}.Debug|Any CPU.ActiveCfg = Debug|Any CPU
		{BF05E9C8-96E1-4423-BE27-48E980249234}.Debug|Any CPU.Build.0 = Debug|Any CPU
		{BF05E9C8-96E1-4423-BE27-48E980249234}.Release|Any CPU.ActiveCfg = Release|Any CPU
		{BF05E9C8-96E1-4423-BE27-48E980249234}.Release|Any CPU.Build.0 = Release|Any CPU
		{5383F481-7A6F-43BC-BF5B-483B2C26F0F8}.Debug|Any CPU.ActiveCfg = Debug|Any CPU
		{5383F481-7A6F-43BC-BF5B-483B2C26F0F8}.Debug|Any CPU.Build.0 = Debug|Any CPU
		{5383F481-7A6F-43BC-BF5B-483B2C26F0F8}.Release|Any CPU.ActiveCfg = Release|Any CPU
		{5383F481-7A6F-43BC-BF5B-483B2C26F0F8}.Release|Any CPU.Build.0 = Release|Any CPU
		{D2BD3E5D-9B16-443C-816D-3A5C2E8F99DE}.Debug|Any CPU.ActiveCfg = Debug|Any CPU
		{D2BD3E5D-9B16-443C-816D-3A5C2E8F99DE}.Debug|Any CPU.Build.0 = Debug|Any CPU
		{D2BD3E5D-9B16-443C-816D-3A5C2E8F99DE}.Release|Any CPU.ActiveCfg = Release|Any CPU
		{D2BD3E5D-9B16-443C-816D-3A5C2E8F99DE}.Release|Any CPU.Build.0 = Release|Any CPU
		{48F3E570-5AA2-4BE6-B200-14754910429B}.Debug|Any CPU.ActiveCfg = Debug|Any CPU
		{48F3E570-5AA2-4BE6-B200-14754910429B}.Debug|Any CPU.Build.0 = Debug|Any CPU
		{48F3E570-5AA2-4BE6-B200-14754910429B}.Release|Any CPU.ActiveCfg = Release|Any CPU
		{48F3E570-5AA2-4BE6-B200-14754910429B}.Release|Any CPU.Build.0 = Release|Any CPU
		{E0873C8E-AF3E-4176-B573-E3662B394F9A}.Debug|Any CPU.ActiveCfg = Debug|Any CPU
		{E0873C8E-AF3E-4176-B573-E3662B394F9A}.Debug|Any CPU.Build.0 = Debug|Any CPU
		{E0873C8E-AF3E-4176-B573-E3662B394F9A}.Release|Any CPU.ActiveCfg = Release|Any CPU
		{E0873C8E-AF3E-4176-B573-E3662B394F9A}.Release|Any CPU.Build.0 = Release|Any CPU
		{EBB15B21-A22D-4FF5-BBA1-AA5DE873618F}.Debug|Any CPU.ActiveCfg = Debug|Any CPU
		{EBB15B21-A22D-4FF5-BBA1-AA5DE873618F}.Debug|Any CPU.Build.0 = Debug|Any CPU
		{EBB15B21-A22D-4FF5-BBA1-AA5DE873618F}.Release|Any CPU.ActiveCfg = Release|Any CPU
		{EBB15B21-A22D-4FF5-BBA1-AA5DE873618F}.Release|Any CPU.Build.0 = Release|Any CPU
		{02DBF6C7-88FA-40B6-BAFA-18DE2A740B5F}.Debug|Any CPU.ActiveCfg = Debug|Any CPU
		{02DBF6C7-88FA-40B6-BAFA-18DE2A740B5F}.Debug|Any CPU.Build.0 = Debug|Any CPU
		{02DBF6C7-88FA-40B6-BAFA-18DE2A740B5F}.Release|Any CPU.ActiveCfg = Release|Any CPU
		{02DBF6C7-88FA-40B6-BAFA-18DE2A740B5F}.Release|Any CPU.Build.0 = Release|Any CPU
		{25A5A883-8373-44A7-85CA-0C860AA82912}.Debug|Any CPU.ActiveCfg = Debug|Any CPU
		{25A5A883-8373-44A7-85CA-0C860AA82912}.Debug|Any CPU.Build.0 = Debug|Any CPU
		{25A5A883-8373-44A7-85CA-0C860AA82912}.Release|Any CPU.ActiveCfg = Release|Any CPU
		{25A5A883-8373-44A7-85CA-0C860AA82912}.Release|Any CPU.Build.0 = Release|Any CPU
		{50A980F8-75C9-4B01-BFCC-145DC0555B92}.Debug|Any CPU.ActiveCfg = Debug|Any CPU
		{50A980F8-75C9-4B01-BFCC-145DC0555B92}.Debug|Any CPU.Build.0 = Debug|Any CPU
		{50A980F8-75C9-4B01-BFCC-145DC0555B92}.Release|Any CPU.ActiveCfg = Release|Any CPU
		{50A980F8-75C9-4B01-BFCC-145DC0555B92}.Release|Any CPU.Build.0 = Release|Any CPU
		{295D0C13-BE30-4E99-9421-DD4794E94DDC}.Debug|Any CPU.ActiveCfg = Debug|Any CPU
		{295D0C13-BE30-4E99-9421-DD4794E94DDC}.Debug|Any CPU.Build.0 = Debug|Any CPU
		{295D0C13-BE30-4E99-9421-DD4794E94DDC}.Release|Any CPU.ActiveCfg = Release|Any CPU
		{295D0C13-BE30-4E99-9421-DD4794E94DDC}.Release|Any CPU.Build.0 = Release|Any CPU
		{7C12EB34-E405-41F9-9E82-298A04AAFCBB}.Debug|Any CPU.ActiveCfg = Debug|Any CPU
		{7C12EB34-E405-41F9-9E82-298A04AAFCBB}.Debug|Any CPU.Build.0 = Debug|Any CPU
		{7C12EB34-E405-41F9-9E82-298A04AAFCBB}.Release|Any CPU.ActiveCfg = Release|Any CPU
		{7C12EB34-E405-41F9-9E82-298A04AAFCBB}.Release|Any CPU.Build.0 = Release|Any CPU
	EndGlobalSection
	GlobalSection(SolutionProperties) = preSolution
		HideSolutionNode = FALSE
	EndGlobalSection
	GlobalSection(NestedProjects) = preSolution
		{84DD405E-9BEB-4763-A650-98C83CD3A6C9} = {CB1CD3C7-1D43-4DC9-973C-E6A25D1C7AE2}
		{3748DA74-BF1D-4104-91B8-E7BA56150BDC} = {84DD405E-9BEB-4763-A650-98C83CD3A6C9}
		{44D3D49C-848C-4F1E-9F18-7BA7CF45D0B9} = {3748DA74-BF1D-4104-91B8-E7BA56150BDC}
		{833A6FFA-D332-43AD-9C50-7A6E9B7BD166} = {3748DA74-BF1D-4104-91B8-E7BA56150BDC}
		{DCE00617-9694-4159-986B-3E4E7C0B3B3C} = {3748DA74-BF1D-4104-91B8-E7BA56150BDC}
		{4BA81426-0DAA-4853-8146-227178454E32} = {3748DA74-BF1D-4104-91B8-E7BA56150BDC}
		{87BD944F-A54D-4066-859A-5201C86AA4FD} = {CB1CD3C7-1D43-4DC9-973C-E6A25D1C7AE2}
		{3C437653-0CAD-46C1-BD2E-A0F72DF266CD} = {87BD944F-A54D-4066-859A-5201C86AA4FD}
		{427F3A97-3BD6-451D-8C4E-0D8C8BA327EB} = {3C437653-0CAD-46C1-BD2E-A0F72DF266CD}
		{1BB71AAF-53B0-47D9-B9FD-FF95AE65CAAA} = {3C437653-0CAD-46C1-BD2E-A0F72DF266CD}
		{423AFD83-59CA-4D44-8A1E-4A9441C93E3F} = {3C437653-0CAD-46C1-BD2E-A0F72DF266CD}
		{DC33150C-4DC5-42A6-8529-2B23F0486C20} = {3C437653-0CAD-46C1-BD2E-A0F72DF266CD}
		{A2AB97C4-1291-472F-93D3-B1BD4F3B044C} = {3C437653-0CAD-46C1-BD2E-A0F72DF266CD}
		{8525AF2A-7E2F-4E6A-911B-7DD87B3DFA00} = {3748DA74-BF1D-4104-91B8-E7BA56150BDC}
		{F8590F99-6CCB-4BC4-B444-4895DC1A7A32} = {84DD405E-9BEB-4763-A650-98C83CD3A6C9}
		{D0E4056F-28EE-4D1B-963A-C0E21C43E43A} = {87BD944F-A54D-4066-859A-5201C86AA4FD}
		{CFC50B6F-E082-43A7-8566-7996EF871873} = {717451A0-D4E6-42D3-9393-08260660DB22}
		{3638C840-7ABF-44B7-A75E-6B9085D2A881} = {CB1CD3C7-1D43-4DC9-973C-E6A25D1C7AE2}
		{791D38E4-4820-4875-9AC7-B99BAB4C963C} = {3638C840-7ABF-44B7-A75E-6B9085D2A881}
		{9ED535EE-B023-4776-AF0B-30503C9DEAF2} = {791D38E4-4820-4875-9AC7-B99BAB4C963C}
		{BF05E9C8-96E1-4423-BE27-48E980249234} = {791D38E4-4820-4875-9AC7-B99BAB4C963C}
		{5383F481-7A6F-43BC-BF5B-483B2C26F0F8} = {791D38E4-4820-4875-9AC7-B99BAB4C963C}
		{21312E45-DE64-4497-833C-FB2C4BFAAC59} = {CB1CD3C7-1D43-4DC9-973C-E6A25D1C7AE2}
		{AC2E300F-69D4-4524-8335-112B9EE78D5E} = {21312E45-DE64-4497-833C-FB2C4BFAAC59}
		{CF1F504C-F9ED-45C6-8740-0C4B2779219C} = {21312E45-DE64-4497-833C-FB2C4BFAAC59}
		{D2BD3E5D-9B16-443C-816D-3A5C2E8F99DE} = {AC2E300F-69D4-4524-8335-112B9EE78D5E}
		{48F3E570-5AA2-4BE6-B200-14754910429B} = {AC2E300F-69D4-4524-8335-112B9EE78D5E}
		{E0873C8E-AF3E-4176-B573-E3662B394F9A} = {AC2E300F-69D4-4524-8335-112B9EE78D5E}
		{EBB15B21-A22D-4FF5-BBA1-AA5DE873618F} = {AC2E300F-69D4-4524-8335-112B9EE78D5E}
		{56EC4DD4-538D-45CE-B654-7B0685CB9CB1} = {CB1CD3C7-1D43-4DC9-973C-E6A25D1C7AE2}
		{B3BAAEC2-95F5-4F97-93EC-4A90722A12F7} = {56EC4DD4-538D-45CE-B654-7B0685CB9CB1}
		{90A690AD-2A36-4FF2-896B-BE598158AD30} = {56EC4DD4-538D-45CE-B654-7B0685CB9CB1}
		{02DBF6C7-88FA-40B6-BAFA-18DE2A740B5F} = {B3BAAEC2-95F5-4F97-93EC-4A90722A12F7}
		{25A5A883-8373-44A7-85CA-0C860AA82912} = {B3BAAEC2-95F5-4F97-93EC-4A90722A12F7}
		{50A980F8-75C9-4B01-BFCC-145DC0555B92} = {B3BAAEC2-95F5-4F97-93EC-4A90722A12F7}
		{295D0C13-BE30-4E99-9421-DD4794E94DDC} = {B3BAAEC2-95F5-4F97-93EC-4A90722A12F7}
		{7C12EB34-E405-41F9-9E82-298A04AAFCBB} = {791D38E4-4820-4875-9AC7-B99BAB4C963C}
	EndGlobalSection
	GlobalSection(ExtensibilityGlobals) = postSolution
		SolutionGuid = {011E64AA-FA5F-4462-83DD-4FABA6188DFC}
	EndGlobalSection
EndGlobal
